<?xml version="1.0" encoding="UTF-8" standalone="yes" ?>
<CodeBlocks_project_file>
	<FileVersion major="1" minor="6" />
	<Project>
		<Option title="Numerical_Method" />
		<Option pch_mode="2" />
		<Option compiler="gcc" />
		<Build>
			<Target title="Debug">
				<Option output="bin/Debug/Numerical_Method" prefix_auto="1" extension_auto="1" />
				<Option object_output="obj/Debug/" />
				<Option type="1" />
				<Option compiler="gcc" />
				<Compiler>
					<Add option="-g" />
				</Compiler>
			</Target>
			<Target title="Release">
				<Option output="bin/Release/Numerical_Method" prefix_auto="1" extension_auto="1" />
				<Option object_output="obj/Release/" />
				<Option type="1" />
				<Option compiler="gcc" />
				<Compiler>
					<Add option="-O2" />
				</Compiler>
				<Linker>
					<Add option="-s" />
				</Linker>
			</Target>
		</Build>
		<Compiler>
			<Add option="-Wall" />
			<Add option="-fexceptions" />
		</Compiler>
		<Unit filename="ExpressionParser.cpp" />
		<Unit filename="ExpressionParser.h" />
		<Unit filename="GaussJordan.cpp" />
		<Unit filename="GaussJordan.h" />
		<Unit filename="Integration.cpp" />
		<Unit filename="Integration.h" />
		<Unit filename="Interpolation.cpp" />
		<Unit filename="Interpolation.h" />
		<Unit filename="Jacobi.cpp" />
		<Unit filename="Jacobi.h" />
		<Unit filename="LinearHelper.cpp" />
		<Unit filename="LinearHelper.h" />
		<Unit filename="LinearMethods.cpp" />
		<Unit filename="LinearMethods.h" />
		<Unit filename="RootFinding.cpp" />
		<Unit filename="RootFinding.h" />
		<Unit filename="Utility.cpp" />
		<Unit filename="Utility.h" />
		<Unit filename="main.cpp" />
		<Extensions>
			<lib_finder disable_auto="1" />
		</Extensions>
	</Project>
</CodeBlocks_project_file>
